PODS:
  - AFNetworking (2.6.3):
    - AFNetworking/NSURLConnection (= 2.6.3)
    - AFNetworking/NSURLSession (= 2.6.3)
    - AFNetworking/Reachability (= 2.6.3)
    - AFNetworking/Security (= 2.6.3)
    - AFNetworking/Serialization (= 2.6.3)
    - AFNetworking/UIKit (= 2.6.3)
  - AFNetworking/NSURLConnection (2.6.3):
    - AFNetworking/Reachability
    - AFNetworking/Security
    - AFNetworking/Serialization
  - AFNetworking/NSURLSession (2.6.3):
    - AFNetworking/Reachability
    - AFNetworking/Security
    - AFNetworking/Serialization
  - AFNetworking/Reachability (2.6.3)
  - AFNetworking/Security (2.6.3)
  - AFNetworking/Serialization (2.6.3)
  - AFNetworking/UIKit (2.6.3):
    - AFNetworking/NSURLConnection
    - AFNetworking/NSURLSession
  - CBZSplashView (1.0.0)
  - DLStarRating (1.1)
  - EDStarRating (1.1)
  - ILMovieDB (0.0.3):
    - AFNetworking (~> 2.5)
  - JSONModel (1.7.0)
  - LHTMDbClient (0.1):
    - AFNetworking (~> 2.0)
  - RateView (1.2)
  - SDWebImage (4.3.0):
    - SDWebImage/Core (= 4.3.0)
  - SDWebImage/Core (4.3.0)

DEPENDENCIES:
  - AFNetworking
  - CBZSplashView
  - DLStarRating
  - EDStarRating
  - ILMovieDB
  - JSONModel
  - LHTMDbClient
  - RateView
  - SDWebImage

SPEC CHECKSUMS:
  AFNetworking: cb8d14a848e831097108418f5d49217339d4eb60
  CBZSplashView: 9ce4cba22024476ff4a97d6433e7347da6376016
  DLStarRating: c157ea012c9f824faebd193f4bac1f96368f4147
  EDStarRating: a41a6440a945020745d0e9ff8ada7d1afa952114
  ILMovieDB: 10bd8878765e4cf62838a6533b49b64490c406ed
  JSONModel: 840bc0fcffb24b8454d2c026bf26fea454b8e98d
  LHTMDbClient: 1535f640b885e3a47ff8cd0823ea921b17fe1a9f
  RateView: d4d12e9bb76dc23a77a56f4e5c5fb530a3f3f998
  SDWebImage: 6da6c8bca115addc4de8613362e1b15f66333825

PODFILE CHECKSUM: 5192c239a3d462e243ef036b383f5454ee4f1555

COCOAPODS: 1.4.0
